
Microsoft Visual Studio Solution File, Format Version 12.00
# Visual Studio 2012
Project("{FAE04EC0-301F-11D3-BF4B-00C04F79EFBC}") = "NumerosImparesEntre100E200", "NumerosImparesEntre100E200\NumerosImparesEntre100E200.csproj", "{F391CEC1-2B36-48B7-99D0-54648F70E312}"
EndProject
Global
	GlobalSection(SolutionConfigurationPlatforms) = preSolution
		Debug|Any CPU = Debug|Any CPU
		Release|Any CPU = Release|Any CPU
	EndGlobalSection
	GlobalSection(ProjectConfigurationPlatforms) = postSolution
		{F391CEC1-2B36-48B7-99D0-54648F70E312}.Debug|Any CPU.ActiveCfg = Debug|Any CPU
		{F391CEC1-2B36-48B7-99D0-54648F70E312}.Debug|Any CPU.Build.0 = Debug|Any CPU
		{F391CEC1-2B36-48B7-99D0-54648F70E312}.Release|Any CPU.ActiveCfg = Release|Any CPU
		{F391CEC1-2B36-48B7-99D0-54648F70E312}.Release|Any CPU.Build.0 = Release|Any CPU
	EndGlobalSection
	GlobalSection(SolutionProperties) = preSolution
		HideSolutionNode = FALSE
	EndGlobalSection
EndGlobal
